
Microsoft Visual Studio Solution File, Format Version 12.00
# Visual Studio 15
VisualStudioVersion = 15.0.28307.779
MinimumVisualStudioVersion = 10.0.40219.1
Project("{FAE04EC0-301F-11D3-BF4B-00C04F79EFBC}") = "Staj2", "Staj2\Staj2.csproj", "{0A6881AE-5033-466B-9E60-02727FD79E56}"
EndProject
Global
	GlobalSection(SolutionConfigurationPlatforms) = preSolution
		Debug|Any CPU = Debug|Any CPU
		Release|Any CPU = Release|Any CPU
	EndGlobalSection
	GlobalSection(ProjectConfigurationPlatforms) = postSolution
		{0A6881AE-5033-466B-9E60-02727FD79E56}.Debug|Any CPU.ActiveCfg = Debug|Any CPU
		{0A6881AE-5033-466B-9E60-02727FD79E56}.Debug|Any CPU.Build.0 = Debug|Any CPU
		{0A6881AE-5033-466B-9E60-02727FD79E56}.Release|Any CPU.ActiveCfg = Release|Any CPU
		{0A6881AE-5033-466B-9E60-02727FD79E56}.Release|Any CPU.Build.0 = Release|Any CPU
	EndGlobalSection
	GlobalSection(SolutionProperties) = preSolution
		HideSolutionNode = FALSE
	EndGlobalSection
	GlobalSection(ExtensibilityGlobals) = postSolution
		SolutionGuid = {24A48C43-B1CC-4007-8F92-73269DCD90BA}
	EndGlobalSection
EndGlobal
